
Microsoft Visual Studio Solution File, Format Version 12.00
# Visual Studio Version 17
VisualStudioVersion = 17.6.33829.357
MinimumVisualStudioVersion = 10.0.40219.1
Project("{9A19103F-16F7-4668-BE54-9A1E7A4F7556}") = "Project_API", "Project_API\Project_API.csproj", "{4411764E-7D75-451D-9630-EA70F79324DD}"
EndProject
Project("{FAE04EC0-301F-11D3-BF4B-00C04F79EFBC}") = "PRN231_CMS", "PRN231_CMS\PRN231_CMS.csproj", "{FD4E24DB-BF0D-4422-BB78-277FACD26F97}"
EndProject
Global
	GlobalSection(SolutionConfigurationPlatforms) = preSolution
		Debug|Any CPU = Debug|Any CPU
		Release|Any CPU = Release|Any CPU
	EndGlobalSection
	GlobalSection(ProjectConfigurationPlatforms) = postSolution
		{4411764E-7D75-451D-9630-EA70F79324DD}.Debug|Any CPU.ActiveCfg = Debug|Any CPU
		{4411764E-7D75-451D-9630-EA70F79324DD}.Debug|Any CPU.Build.0 = Debug|Any CPU
		{4411764E-7D75-451D-9630-EA70F79324DD}.Release|Any CPU.ActiveCfg = Release|Any CPU
		{4411764E-7D75-451D-9630-EA70F79324DD}.Release|Any CPU.Build.0 = Release|Any CPU
		{FD4E24DB-BF0D-4422-BB78-277FACD26F97}.Debug|Any CPU.ActiveCfg = Debug|Any CPU
		{FD4E24DB-BF0D-4422-BB78-277FACD26F97}.Debug|Any CPU.Build.0 = Debug|Any CPU
		{FD4E24DB-BF0D-4422-BB78-277FACD26F97}.Release|Any CPU.ActiveCfg = Release|Any CPU
		{FD4E24DB-BF0D-4422-BB78-277FACD26F97}.Release|Any CPU.Build.0 = Release|Any CPU
	EndGlobalSection
	GlobalSection(SolutionProperties) = preSolution
		HideSolutionNode = FALSE
	EndGlobalSection
	GlobalSection(ExtensibilityGlobals) = postSolution
		SolutionGuid = {3D3DA0A8-74B1-451C-AB1F-882A9EA220D9}
	EndGlobalSection
EndGlobal
